
Microsoft Visual Studio Solution File, Format Version 12.00
# Visual Studio Version 16
VisualStudioVersion = 16.0.30621.155
MinimumVisualStudioVersion = 10.0.40219.1
Project("{2150E333-8FDC-42A3-9474-1A3956D46DE8}") = "Solution Items", "Solution Items", "{E75E6E01-1A1A-4325-BAA5-D5865FB75FE8}"
	ProjectSection(SolutionItems) = preProject
		ReadMe.md = ReadMe.md
	EndProjectSection
EndProject
Project("{9A19103F-16F7-4668-BE54-9A1E7A4F7556}") = "Kerberos.Entities", "Kerberos.Entities\Kerberos.Entities.csproj", "{B2DFEC62-8BAD-4FC6-BF6A-32589BB03D96}"
EndProject
Project("{9A19103F-16F7-4668-BE54-9A1E7A4F7556}") = "Kerberos.DataAccess", "Kerberos.DataAccess\Kerberos.DataAccess.csproj", "{41AB2A6A-1BE8-42D2-AC5E-17A2150650D9}"
EndProject
Project("{9A19103F-16F7-4668-BE54-9A1E7A4F7556}") = "Kerberos.Business", "Kerberos.Business\Kerberos.Business.csproj", "{5F8A6AFF-2AE8-4FE4-A3C1-A0426F2FE37F}"
EndProject
Project("{FAE04EC0-301F-11D3-BF4B-00C04F79EFBC}") = "Kerberos.WebAPI", "Kerberos.WebAPI\Kerberos.WebAPI.csproj", "{45807950-BC36-4CD0-A97C-8CC2D9E23A36}"
EndProject
Project("{FAE04EC0-301F-11D3-BF4B-00C04F79EFBC}") = "Kerberos.DataTransferObject", ".\Kerberos.DataTransferObject\Kerberos.DataTransferObject.csproj", "{106E0023-6573-44B0-A052-221DA3C65C3C}"
EndProject
Global
	GlobalSection(SolutionConfigurationPlatforms) = preSolution
		Debug|Any CPU = Debug|Any CPU
		Release|Any CPU = Release|Any CPU
	EndGlobalSection
	GlobalSection(ProjectConfigurationPlatforms) = postSolution
		{B2DFEC62-8BAD-4FC6-BF6A-32589BB03D96}.Debug|Any CPU.ActiveCfg = Debug|Any CPU
		{B2DFEC62-8BAD-4FC6-BF6A-32589BB03D96}.Debug|Any CPU.Build.0 = Debug|Any CPU
		{B2DFEC62-8BAD-4FC6-BF6A-32589BB03D96}.Release|Any CPU.ActiveCfg = Release|Any CPU
		{B2DFEC62-8BAD-4FC6-BF6A-32589BB03D96}.Release|Any CPU.Build.0 = Release|Any CPU
		{41AB2A6A-1BE8-42D2-AC5E-17A2150650D9}.Debug|Any CPU.ActiveCfg = Debug|Any CPU
		{41AB2A6A-1BE8-42D2-AC5E-17A2150650D9}.Debug|Any CPU.Build.0 = Debug|Any CPU
		{41AB2A6A-1BE8-42D2-AC5E-17A2150650D9}.Release|Any CPU.ActiveCfg = Release|Any CPU
		{41AB2A6A-1BE8-42D2-AC5E-17A2150650D9}.Release|Any CPU.Build.0 = Release|Any CPU
		{5F8A6AFF-2AE8-4FE4-A3C1-A0426F2FE37F}.Debug|Any CPU.ActiveCfg = Debug|Any CPU
		{5F8A6AFF-2AE8-4FE4-A3C1-A0426F2FE37F}.Debug|Any CPU.Build.0 = Debug|Any CPU
		{5F8A6AFF-2AE8-4FE4-A3C1-A0426F2FE37F}.Release|Any CPU.ActiveCfg = Release|Any CPU
		{5F8A6AFF-2AE8-4FE4-A3C1-A0426F2FE37F}.Release|Any CPU.Build.0 = Release|Any CPU
		{45807950-BC36-4CD0-A97C-8CC2D9E23A36}.Debug|Any CPU.ActiveCfg = Debug|Any CPU
		{45807950-BC36-4CD0-A97C-8CC2D9E23A36}.Debug|Any CPU.Build.0 = Debug|Any CPU
		{45807950-BC36-4CD0-A97C-8CC2D9E23A36}.Release|Any CPU.ActiveCfg = Release|Any CPU
		{45807950-BC36-4CD0-A97C-8CC2D9E23A36}.Release|Any CPU.Build.0 = Release|Any CPU
		{106E0023-6573-44B0-A052-221DA3C65C3C}.Debug|Any CPU.ActiveCfg = Debug|Any CPU
		{106E0023-6573-44B0-A052-221DA3C65C3C}.Debug|Any CPU.Build.0 = Debug|Any CPU
		{106E0023-6573-44B0-A052-221DA3C65C3C}.Release|Any CPU.ActiveCfg = Release|Any CPU
		{106E0023-6573-44B0-A052-221DA3C65C3C}.Release|Any CPU.Build.0 = Release|Any CPU
	EndGlobalSection
	GlobalSection(SolutionProperties) = preSolution
		HideSolutionNode = FALSE
	EndGlobalSection
	GlobalSection(ExtensibilityGlobals) = postSolution
		SolutionGuid = {05785B57-A50B-45BC-B11F-941D595EEB3B}
	EndGlobalSection
EndGlobal
